// !$*UTF8*$!
{
	archiveVersion = 1;
	classes = {
	};
	objectVersion = 50;
	objects = {

/* Begin PBXBuildFile section */
		9BAE5E11235BBBE600BAF6BE /* main.swift in Sources */ = {isa = PBXBuildFile; fileRef = 9BAE5E10235BBBE600BAF6BE /* main.swift */; };
		9BAE5E23235BC38900BAF6BE /* Internet.swift in Sources */ = {isa = PBXBuildFile; fileRef = 9BAE5E22235BC38900BAF6BE /* Internet.swift */; };
		9BAE5E25235BC3AC00BAF6BE /* Mobile.swift in Sources */ = {isa = PBXBuildFile; fileRef = 9BAE5E24235BC3AC00BAF6BE /* Mobile.swift */; };
		9BAE5E27235BC3B900BAF6BE /* Hydro.swift in Sources */ = {isa = PBXBuildFile; fileRef = 9BAE5E26235BC3B900BAF6BE /* Hydro.swift */; };
		9BAE5E29235BC3C700BAF6BE /* Insurance.swift in Sources */ = {isa = PBXBuildFile; fileRef = 9BAE5E28235BC3C700BAF6BE /* Insurance.swift */; };
/* End PBXBuildFile section */

/* Begin PBXCopyFilesBuildPhase section */
		9BAE5E0B235BBBE600BAF6BE /* CopyFiles */ = {
			isa = PBXCopyFilesBuildPhase;
			buildActionMask = 2147483647;
			dstPath = /usr/share/man/man1/;
			dstSubfolderSpec = 0;
			files = (
			);
			runOnlyForDeploymentPostprocessing = 1;
		};
/* End PBXCopyFilesBuildPhase section */

/* Begin PBXFileReference section */
		9BAE5E0D235BBBE600BAF6BE /* C0761022_F2019_MID_TERM_MAD3004 */ = {isa = PBXFileReference; explicitFileType = "compiled.mach-o.executable"; includeInIndex = 0; path = C0761022_F2019_MID_TERM_MAD3004; sourceTree = BUILT_PRODUCTS_DIR; };
		9BAE5E10235BBBE600BAF6BE /* main.swift */ = {isa = PBXFileReference; lastKnownFileType = sourcecode.swift; path = main.swift; sourceTree = "<group>"; };
		9BAE5E22235BC38900BAF6BE /* Internet.swift */ = {isa = PBXFileReference; lastKnownFileType = sourcecode.swift; path = Internet.swift; sourceTree = "<group>"; };
		9BAE5E24235BC3AC00BAF6BE /* Mobile.swift */ = {isa = PBXFileReference; lastKnownFileType = sourcecode.swift; path = Mobile.swift; sourceTree = "<group>"; };
		9BAE5E26235BC3B900BAF6BE /* Hydro.swift */ = {isa = PBXFileReference; lastKnownFileType = sourcecode.swift; path = Hydro.swift; sourceTree = "<group>"; };
		9BAE5E28235BC3C700BAF6BE /* Insurance.swift */ = {isa = PBXFileReference; lastKnownFileType = sourcecode.swift; path = Insurance.swift; sourceTree = "<group>"; };
/* End PBXFileReference section */

/* Begin PBXFrameworksBuildPhase section */
		9BAE5E0A235BBBE600BAF6BE /* Frameworks */ = {
			isa = PBXFrameworksBuildPhase;
			buildActionMask = 2147483647;
			files = (
			);
			runOnlyForDeploymentPostprocessing = 0;
		};
/* End PBXFrameworksBuildPhase section */

/* Begin PBXGroup section */
		9BAE5E04235BBBE600BAF6BE = {
			isa = PBXGroup;
			children = (
				9BAE5E0F235BBBE600BAF6BE /* C0761022_F2019_MID_TERM_MAD3004 */,
				9BAE5E0E235BBBE600BAF6BE /* Products */,
			);
			sourceTree = "<group>";
		};
		9BAE5E0E235BBBE600BAF6BE /* Products */ = {
			isa = PBXGroup;
			children = (
				9BAE5E0D235BBBE600BAF6BE /* C0761022_F2019_MID_TERM_MAD3004 */,
			);
			name = Products;
			sourceTree = "<group>";
		};
		9BAE5E0F235BBBE600BAF6BE /* C0761022_F2019_MID_TERM_MAD3004 */ = {
			isa = PBXGroup;
			children = (
				9BAE5E21235BC30800BAF6BE /* coustmer */,
				9BAE5E20235BC2C300BAF6BE /* bills */,
				9BAE5E1F235BC2AA00BAF6BE /* protocols */,
				9BAE5E1E235BC29400BAF6BE /* extensions */,
				9BAE5E10235BBBE600BAF6BE /* main.swift */,
			);
			path = C0761022_F2019_MID_TERM_MAD3004;
			sourceTree = "<group>";
		};
		9BAE5E1E235BC29400BAF6BE /* extensions */ = {
			isa = PBXGroup;
			children = (
			);
			path = extensions;
			sourceTree = "<group>";
		};
		9BAE5E1F235BC2AA00BAF6BE /* protocols */ = {
			isa = PBXGroup;
			children = (
			);
			path = protocols;
			sourceTree = "<group>";
		};
		9BAE5E20235BC2C300BAF6BE /* bills */ = {
			isa = PBXGroup;
			children = (
				9BAE5E22235BC38900BAF6BE /* Internet.swift */,
				9BAE5E24235BC3AC00BAF6BE /* Mobile.swift */,
				9BAE5E26235BC3B900BAF6BE /* Hydro.swift */,
				9BAE5E28235BC3C700BAF6BE /* Insurance.swift */,
			);
			path = bills;
			sourceTree = "<group>";
		};
		9BAE5E21235BC30800BAF6BE /* coustmer */ = {
			isa = PBXGroup;
			children = (
			);
			path = coustmer;
			sourceTree = "<group>";
		};
/* End PBXGroup section */

/* Begin PBXNativeTarget section */
		9BAE5E0C235BBBE600BAF6BE /* C0761022_F2019_MID_TERM_MAD3004 */ = {
			isa = PBXNativeTarget;
			buildConfigurationList = 9BAE5E14235BBBE600BAF6BE /* Build configuration list for PBXNativeTarget "C0761022_F2019_MID_TERM_MAD3004" */;
			buildPhases = (
				9BAE5E09235BBBE600BAF6BE /* Sources */,
				9BAE5E0A235BBBE600BAF6BE /* Frameworks */,
				9BAE5E0B235BBBE600BAF6BE /* CopyFiles */,
			);
			buildRules = (
			);
			dependencies = (
			);
			name = C0761022_F2019_MID_TERM_MAD3004;
			productName = C0761022_F2019_MID_TERM_MAD3004;
			productReference = 9BAE5E0D235BBBE600BAF6BE /* C0761022_F2019_MID_TERM_MAD3004 */;
			productType = "com.apple.product-type.tool";
		};
/* End PBXNativeTarget section */

/* Begin PBXProject section */
		9BAE5E05235BBBE600BAF6BE /* Project object */ = {
			isa = PBXProject;
			attributes = {
				LastSwiftUpdateCheck = 1030;
				LastUpgradeCheck = 1030;
				ORGANIZATIONNAME = com.lambton;
				TargetAttributes = {
					9BAE5E0C235BBBE600BAF6BE = {
						CreatedOnToolsVersion = 10.3;
					};
				};
			};
			buildConfigurationList = 9BAE5E08235BBBE600BAF6BE /* Build configuration list for PBXProject "C0761022_F2019_MID_TERM_MAD3004" */;
			compatibilityVersion = "Xcode 9.3";
			developmentRegion = en;
			hasScannedForEncodings = 0;
			knownRegions = (
				en,
			);
			mainGroup = 9BAE5E04235BBBE600BAF6BE;
			productRefGroup = 9BAE5E0E235BBBE600BAF6BE /* Products */;
			projectDirPath = "";
			projectRoot = "";
			targets = (
				9BAE5E0C235BBBE600BAF6BE /* C0761022_F2019_MID_TERM_MAD3004 */,
			);
		};
/* End PBXProject section */

/* Begin PBXSourcesBuildPhase section */
		9BAE5E09235BBBE600BAF6BE /* Sources */ = {
			isa = PBXSourcesBuildPhase;
			buildActionMask = 2147483647;
			files = (
				9BAE5E27235BC3B900BAF6BE /* Hydro.swift in Sources */,
				9BAE5E25235BC3AC00BAF6BE /* Mobile.swift in Sources */,
				9BAE5E23235BC38900BAF6BE /* Internet.swift in Sources */,
				9BAE5E29235BC3C700BAF6BE /* Insurance.swift in Sources */,
				9BAE5E11235BBBE600BAF6BE /* main.swift in Sources */,
			);
			runOnlyForDeploymentPostprocessing = 0;
		};
/* End PBXSourcesBuildPhase section */

/* Begin XCBuildConfiguration section */
		9BAE5E12235BBBE600BAF6BE /* Debug */ = {
			isa = XCBuildConfiguration;
			buildSettings = {
				ALWAYS_SEARCH_USER_PATHS = NO;
				CLANG_ANALYZER_NONNULL = YES;
				CLANG_ANALYZER_NUMBER_OBJECT_CONVERSION = YES_AGGRESSIVE;
				CLANG_CXX_LANGUAGE_STANDARD = "gnu++14";
				CLANG_CXX_LIBRARY = "libc++";
				CLANG_ENABLE_MODULES = YES;
				CLANG_ENABLE_OBJC_ARC = YES;
				CLANG_ENABLE_OBJC_WEAK = YES;
				CLANG_WARN_BLOCK_CAPTURE_AUTORELEASING = YES;
				CLANG_WARN_BOOL_CONVERSION = YES;
				CLANG_WARN_COMMA = YES;
				CLANG_WARN_CONSTANT_CONVERSION = YES;
				CLANG_WARN_DEPRECATED_OBJC_IMPLEMENTATIONS = YES;
				CLANG_WARN_DIRECT_OBJC_ISA_USAGE = YES_ERROR;
				CLANG_WARN_DOCUMENTATION_COMMENTS = YES;
				CLANG_WARN_EMPTY_BODY = YES;
				CLANG_WARN_ENUM_CONVERSION = YES;
				CLANG_WARN_INFINITE_RECURSION = YES;
				CLANG_WARN_INT_CONVERSION = YES;
				CLANG_WARN_NON_LITERAL_NULL_CONVERSION = YES;
				CLANG_WARN_OBJC_IMPLICIT_RETAIN_SELF = YES;
				CLANG_WARN_OBJC_LITERAL_CONVERSION = YES;
				CLANG_WARN_OBJC_ROOT_CLASS = YES_ERROR;
				CLANG_WARN_RANGE_LOOP_ANALYSIS = YES;
				CLANG_WARN_STRICT_PROTOTYPES = YES;
				CLANG_WARN_SUSPICIOUS_MOVE = YES;
				CLANG_WARN_UNGUARDED_AVAILABILITY = YES_AGGRESSIVE;
				CLANG_WARN_UNREACHABLE_CODE = YES;
				CLANG_WARN__DUPLICATE_METHOD_MATCH = YES;
				CODE_SIGN_IDENTITY = "-";
				COPY_PHASE_STRIP = NO;
				DEBUG_INFORMATION_FORMAT = dwarf;
				ENABLE_STRICT_OBJC_MSGSEND = YES;
				ENABLE_TESTABILITY = YES;
				GCC_C_LANGUAGE_STANDARD = gnu11;
				GCC_DYNAMIC_NO_PIC = NO;
				GCC_NO_COMMON_BLOCKS = YES;
				GCC_OPTIMIZATION_LEVEL = 0;
				GCC_PREPROCESSOR_DEFINITIONS = (
					"DEBUG=1",
					"$(inherited)",
				);
				GCC_WARN_64_TO_32_BIT_CONVERSION = YES;
				GCC_WARN_ABOUT_RETURN_TYPE = YES_ERROR;
				GCC_WARN_UNDECLARED_SELECTOR = YES;
				GCC_WARN_UNINITIALIZED_AUTOS = YES_AGGRESSIVE;
				GCC_WARN_UNUSED_FUNCTION = YES;
				GCC_WARN_UNUSED_VARIABLE = YES;
				MACOSX_DEPLOYMENT_TARGET = 10.14;
				MTL_ENABLE_DEBUG_INFO = INCLUDE_SOURCE;
				MTL_FAST_MATH = YES;
				ONLY_ACTIVE_ARCH = YES;
				SDKROOT = macosx;
				SWIFT_ACTIVE_COMPILATION_CONDITIONS = DEBUG;
				SWIFT_OPTIMIZATION_LEVEL = "-Onone";
			};
			name = Debug;
		};
		9BAE5E13235BBBE600BAF6BE /* Release */ = {
			isa = XCBuildConfiguration;
			buildSettings = {
				ALWAYS_SEARCH_USER_PATHS = NO;
				CLANG_ANALYZER_NONNULL = YES;
				CLANG_ANALYZER_NUMBER_OBJECT_CONVERSION = YES_AGGRESSIVE;
				CLANG_CXX_LANGUAGE_STANDARD = "gnu++14";
				CLANG_CXX_LIBRARY = "libc++";
				CLANG_ENABLE_MODULES = YES;
				CLANG_ENABLE_OBJC_ARC = YES;
				CLANG_ENABLE_OBJC_WEAK = YES;
				CLANG_WARN_BLOCK_CAPTURE_AUTORELEASING = YES;
				CLANG_WARN_BOOL_CONVERSION = YES;
				CLANG_WARN_COMMA = YES;
				CLANG_WARN_CONSTANT_CONVERSION = YES;
				CLANG_WARN_DEPRECATED_OBJC_IMPLEMENTATIONS = YES;
				CLANG_WARN_DIRECT_OBJC_ISA_USAGE = YES_ERROR;
				CLANG_WARN_DOCUMENTATION_COMMENTS = YES;
				CLANG_WARN_EMPTY_BODY = YES;
				CLANG_WARN_ENUM_CONVERSION = YES;
				CLANG_WARN_INFINITE_RECURSION = YES;
				CLANG_WARN_INT_CONVERSION = YES;
				CLANG_WARN_NON_LITERAL_NULL_CONVERSION = YES;
				CLANG_WARN_OBJC_IMPLICIT_RETAIN_SELF = YES;
				CLANG_WARN_OBJC_LITERAL_CONVERSION = YES;
				CLANG_WARN_OBJC_ROOT_CLASS = YES_ERROR;
				CLANG_WARN_RANGE_LOOP_ANALYSIS = YES;
				CLANG_WARN_STRICT_PROTOTYPES = YES;
				CLANG_WARN_SUSPICIOUS_MOVE = YES;
				CLANG_WARN_UNGUARDED_AVAILABILITY = YES_AGGRESSIVE;
				CLANG_WARN_UNREACHABLE_CODE = YES;
				CLANG_WARN__DUPLICATE_METHOD_MATCH = YES;
				CODE_SIGN_IDENTITY = "-";
				COPY_PHASE_STRIP = NO;
				DEBUG_INFORMATION_FORMAT = "dwarf-with-dsym";
				ENABLE_NS_ASSERTIONS = NO;
				ENABLE_STRICT_OBJC_MSGSEND = YES;
				GCC_C_LANGUAGE_STANDARD = gnu11;
				GCC_NO_COMMON_BLOCKS = YES;
				GCC_WARN_64_TO_32_BIT_CONVERSION = YES;
				GCC_WARN_ABOUT_RETURN_TYPE = YES_ERROR;
				GCC_WARN_UNDECLARED_SELECTOR = YES;
				GCC_WARN_UNINITIALIZED_AUTOS = YES_AGGRESSIVE;
				GCC_WARN_UNUSED_FUNCTION = YES;
				GCC_WARN_UNUSED_VARIABLE = YES;
				MACOSX_DEPLOYMENT_TARGET = 10.14;
				MTL_ENABLE_DEBUG_INFO = NO;
				MTL_FAST_MATH = YES;
				SDKROOT = macosx;
				SWIFT_COMPILATION_MODE = wholemodule;
				SWIFT_OPTIMIZATION_LEVEL = "-O";
			};
			name = Release;
		};
		9BAE5E15235BBBE600BAF6BE /* Debug */ = {
			isa = XCBuildConfiguration;
			buildSettings = {
				CODE_SIGN_STYLE = Automatic;
				PRODUCT_NAME = "$(TARGET_NAME)";
				SWIFT_VERSION = 5.0;
			};
			name = Debug;
		};
		9BAE5E16235BBBE600BAF6BE /* Release */ = {
			isa = XCBuildConfiguration;
			buildSettings = {
				CODE_SIGN_STYLE = Automatic;
				PRODUCT_NAME = "$(TARGET_NAME)";
				SWIFT_VERSION = 5.0;
			};
			name = Release;
		};
/* End XCBuildConfiguration section */

/* Begin XCConfigurationList section */
		9BAE5E08235BBBE600BAF6BE /* Build configuration list for PBXProject "C0761022_F2019_MID_TERM_MAD3004" */ = {
			isa = XCConfigurationList;
			buildConfigurations = (
				9BAE5E12235BBBE600BAF6BE /* Debug */,
				9BAE5E13235BBBE600BAF6BE /* Release */,
			);
			defaultConfigurationIsVisible = 0;
			defaultConfigurationName = Release;
		};
		9BAE5E14235BBBE600BAF6BE /* Build configuration list for PBXNativeTarget "C0761022_F2019_MID_TERM_MAD3004" */ = {
			isa = XCConfigurationList;
			buildConfigurations = (
				9BAE5E15235BBBE600BAF6BE /* Debug */,
				9BAE5E16235BBBE600BAF6BE /* Release */,
			);
			defaultConfigurationIsVisible = 0;
			defaultConfigurationName = Release;
		};
/* End XCConfigurationList section */
	};
	rootObject = 9BAE5E05235BBBE600BAF6BE /* Project object */;
}
